// !$*UTF8*$!
{
	archiveVersion = 1;
	classes = {
	};
	objectVersion = 46;
	objects = {

/* Begin PBXBuildFile section */
		C1742A7C1651386B00407C0A /* PSDetailedViewController.m in Sources */ = {isa = PBXBuildFile; fileRef = C1742A771651386B00407C0A /* PSDetailedViewController.m */; };
		C1742A7D1651386B00407C0A /* PSDetailedViewController.xib in Resources */ = {isa = PBXBuildFile; fileRef = C1742A781651386B00407C0A /* PSDetailedViewController.xib */; };
		C1742A7E1651386B00407C0A /* PSViewController.m in Sources */ = {isa = PBXBuildFile; fileRef = C1742A7A1651386B00407C0A /* PSViewController.m */; };
		C1742A7F1651386B00407C0A /* PSViewController.xib in Resources */ = {isa = PBXBuildFile; fileRef = C1742A7B1651386B00407C0A /* PSViewController.xib */; };
		C1742A8116513AB500407C0A /* Article.bundle in Resources */ = {isa = PBXBuildFile; fileRef = C1742A8016513AB500407C0A /* Article.bundle */; };
		C1FCE5A0164C1528002E0401 /* UIKit.framework in Frameworks */ = {isa = PBXBuildFile; fileRef = C1FCE59F164C1528002E0401 /* UIKit.framework */; };
		C1FCE5A2164C1528002E0401 /* Foundation.framework in Frameworks */ = {isa = PBXBuildFile; fileRef = C1FCE5A1164C1528002E0401 /* Foundation.framework */; };
		C1FCE5A4164C1528002E0401 /* CoreGraphics.framework in Frameworks */ = {isa = PBXBuildFile; fileRef = C1FCE5A3164C1528002E0401 /* CoreGraphics.framework */; };
		C1FCE5AA164C1528002E0401 /* InfoPlist.strings in Resources */ = {isa = PBXBuildFile; fileRef = C1FCE5A8164C1528002E0401 /* InfoPlist.strings */; };
		C1FCE5AC164C1528002E0401 /* main.m in Sources */ = {isa = PBXBuildFile; fileRef = C1FCE5AB164C1528002E0401 /* main.m */; };
		C1FCE5B0164C1528002E0401 /* PSAppDelegate.m in Sources */ = {isa = PBXBuildFile; fileRef = C1FCE5AF164C1528002E0401 /* PSAppDelegate.m */; };
		C1FCE5F0164C15F6002E0401 /* NSDate+Format.m in Sources */ = {isa = PBXBuildFile; fileRef = C1FCE5C8164C15F6002E0401 /* NSDate+Format.m */; };
		C1FCE5F1164C15F6002E0401 /* NSString+Format.m in Sources */ = {isa = PBXBuildFile; fileRef = C1FCE5CA164C15F6002E0401 /* NSString+Format.m */; };
		C1FCE5F2164C15F6002E0401 /* Reachability.m in Sources */ = {isa = PBXBuildFile; fileRef = C1FCE5CE164C15F6002E0401 /* Reachability.m */; settings = {COMPILER_FLAGS = "-fno-objc-arc"; }; };
		C1FCE5F3164C15F6002E0401 /* TSHTTPRequest.m in Sources */ = {isa = PBXBuildFile; fileRef = C1FCE5D0164C15F6002E0401 /* TSHTTPRequest.m */; };
		C1FCE5F4164C15F6002E0401 /* TSParser.m in Sources */ = {isa = PBXBuildFile; fileRef = C1FCE5D2164C15F6002E0401 /* TSParser.m */; };
		C1FCE5F5164C15F6002E0401 /* TSReachability.m in Sources */ = {isa = PBXBuildFile; fileRef = C1FCE5D4164C15F6002E0401 /* TSReachability.m */; };
		C1FCE5F6164C15F6002E0401 /* TSServiceKeys.m in Sources */ = {isa = PBXBuildFile; fileRef = C1FCE5D6164C15F6002E0401 /* TSServiceKeys.m */; };
		C1FCE5F7164C15F6002E0401 /* TSPlistHelper.m in Sources */ = {isa = PBXBuildFile; fileRef = C1FCE5D9164C15F6002E0401 /* TSPlistHelper.m */; };
		C1FCE5F8164C15F6002E0401 /* TSArticle.m in Sources */ = {isa = PBXBuildFile; fileRef = C1FCE5DD164C15F6002E0401 /* TSArticle.m */; };
		C1FCE5F9164C15F6002E0401 /* TSFeed.m in Sources */ = {isa = PBXBuildFile; fileRef = C1FCE5E0164C15F6002E0401 /* TSFeed.m */; };
		C1FCE5FA164C15F6002E0401 /* TSFeedParser.m in Sources */ = {isa = PBXBuildFile; fileRef = C1FCE5E2164C15F6002E0401 /* TSFeedParser.m */; };
		C1FCE5FB164C15F6002E0401 /* TSDataException.m in Sources */ = {isa = PBXBuildFile; fileRef = C1FCE5E4164C15F6002E0401 /* TSDataException.m */; };
		C1FCE5FC164C15F6002E0401 /* TSManagedObject.m in Sources */ = {isa = PBXBuildFile; fileRef = C1FCE5E6164C15F6002E0401 /* TSManagedObject.m */; };
		C1FCE5FD164C15F6002E0401 /* Default-568h@2x.png in Resources */ = {isa = PBXBuildFile; fileRef = C1FCE5E8164C15F6002E0401 /* Default-568h@2x.png */; };
		C1FCE5FE164C15F6002E0401 /* Default.png in Resources */ = {isa = PBXBuildFile; fileRef = C1FCE5E9164C15F6002E0401 /* Default.png */; };
		C1FCE5FF164C15F6002E0401 /* Default@2x.png in Resources */ = {isa = PBXBuildFile; fileRef = C1FCE5EA164C15F6002E0401 /* Default@2x.png */; };
		C1FCE600164C15F6002E0401 /* TSLayerVisuals.m in Sources */ = {isa = PBXBuildFile; fileRef = C1FCE5ED164C15F6002E0401 /* TSLayerVisuals.m */; };
		C1FCE601164C15F6002E0401 /* TSPageControlComponent.m in Sources */ = {isa = PBXBuildFile; fileRef = C1FCE5EF164C15F6002E0401 /* TSPageControlComponent.m */; };
		C1FCE604164C1629002E0401 /* SystemConfiguration.framework in Frameworks */ = {isa = PBXBuildFile; fileRef = C1FCE603164C1629002E0401 /* SystemConfiguration.framework */; };
		C1FCE606164C1631002E0401 /* QuartzCore.framework in Frameworks */ = {isa = PBXBuildFile; fileRef = C1FCE605164C1631002E0401 /* QuartzCore.framework */; };
		C1FCE608164C163D002E0401 /* MobileCoreServices.framework in Frameworks */ = {isa = PBXBuildFile; fileRef = C1FCE607164C163D002E0401 /* MobileCoreServices.framework */; };
		C1FCE61D164C1772002E0401 /* AFHTTPClient.m in Sources */ = {isa = PBXBuildFile; fileRef = C1FCE60B164C1772002E0401 /* AFHTTPClient.m */; };
		C1FCE61E164C1772002E0401 /* AFHTTPRequestOperation.m in Sources */ = {isa = PBXBuildFile; fileRef = C1FCE60D164C1772002E0401 /* AFHTTPRequestOperation.m */; };
		C1FCE61F164C1772002E0401 /* AFImageRequestOperation.m in Sources */ = {isa = PBXBuildFile; fileRef = C1FCE60F164C1772002E0401 /* AFImageRequestOperation.m */; };
		C1FCE620164C1772002E0401 /* AFJSONRequestOperation.m in Sources */ = {isa = PBXBuildFile; fileRef = C1FCE611164C1772002E0401 /* AFJSONRequestOperation.m */; };
		C1FCE621164C1772002E0401 /* AFNetworkActivityIndicatorManager.m in Sources */ = {isa = PBXBuildFile; fileRef = C1FCE613164C1772002E0401 /* AFNetworkActivityIndicatorManager.m */; };
		C1FCE622164C1772002E0401 /* AFPropertyListRequestOperation.m in Sources */ = {isa = PBXBuildFile; fileRef = C1FCE616164C1772002E0401 /* AFPropertyListRequestOperation.m */; };
		C1FCE623164C1772002E0401 /* AFURLConnectionOperation.m in Sources */ = {isa = PBXBuildFile; fileRef = C1FCE618164C1772002E0401 /* AFURLConnectionOperation.m */; };
		C1FCE624164C1772002E0401 /* AFXMLRequestOperation.m in Sources */ = {isa = PBXBuildFile; fileRef = C1FCE61A164C1772002E0401 /* AFXMLRequestOperation.m */; };
		C1FCE625164C1772002E0401 /* UIImageView+AFNetworking.m in Sources */ = {isa = PBXBuildFile; fileRef = C1FCE61C164C1772002E0401 /* UIImageView+AFNetworking.m */; };
		C1FCE62C164C21B1002E0401 /* PSCell.m in Sources */ = {isa = PBXBuildFile; fileRef = C1FCE62B164C21B1002E0401 /* PSCell.m */; };
		C1FCE62E164C21C6002E0401 /* PSCell.xib in Resources */ = {isa = PBXBuildFile; fileRef = C1FCE62D164C21C6002E0401 /* PSCell.xib */; };
		C1FCE630164D0950002E0401 /* placeholder.jpg in Resources */ = {isa = PBXBuildFile; fileRef = C1FCE62F164D0950002E0401 /* placeholder.jpg */; };
/* End PBXBuildFile section */

/* Begin PBXFileReference section */
		C1742A761651386B00407C0A /* PSDetailedViewController.h */ = {isa = PBXFileReference; fileEncoding = 4; lastKnownFileType = sourcecode.c.h; path = PSDetailedViewController.h; sourceTree = "<group>"; };
		C1742A771651386B00407C0A /* PSDetailedViewController.m */ = {isa = PBXFileReference; fileEncoding = 4; lastKnownFileType = sourcecode.c.objc; path = PSDetailedViewController.m; sourceTree = "<group>"; };
		C1742A781651386B00407C0A /* PSDetailedViewController.xib */ = {isa = PBXFileReference; fileEncoding = 4; lastKnownFileType = file.xib; path = PSDetailedViewController.xib; sourceTree = "<group>"; };
		C1742A791651386B00407C0A /* PSViewController.h */ = {isa = PBXFileReference; fileEncoding = 4; lastKnownFileType = sourcecode.c.h; path = PSViewController.h; sourceTree = "<group>"; };
		C1742A7A1651386B00407C0A /* PSViewController.m */ = {isa = PBXFileReference; fileEncoding = 4; lastKnownFileType = sourcecode.c.objc; path = PSViewController.m; sourceTree = "<group>"; };
		C1742A7B1651386B00407C0A /* PSViewController.xib */ = {isa = PBXFileReference; fileEncoding = 4; lastKnownFileType = file.xib; path = PSViewController.xib; sourceTree = "<group>"; };
		C1742A8016513AB500407C0A /* Article.bundle */ = {isa = PBXFileReference; lastKnownFileType = "wrapper.plug-in"; path = Article.bundle; sourceTree = "<group>"; };
		C1FCE59B164C1528002E0401 /* ProjectShakeUp.app */ = {isa = PBXFileReference; explicitFileType = wrapper.application; includeInIndex = 0; path = ProjectShakeUp.app; sourceTree = BUILT_PRODUCTS_DIR; };
		C1FCE59F164C1528002E0401 /* UIKit.framework */ = {isa = PBXFileReference; lastKnownFileType = wrapper.framework; name = UIKit.framework; path = System/Library/Frameworks/UIKit.framework; sourceTree = SDKROOT; };
		C1FCE5A1164C1528002E0401 /* Foundation.framework */ = {isa = PBXFileReference; lastKnownFileType = wrapper.framework; name = Foundation.framework; path = System/Library/Frameworks/Foundation.framework; sourceTree = SDKROOT; };
		C1FCE5A3164C1528002E0401 /* CoreGraphics.framework */ = {isa = PBXFileReference; lastKnownFileType = wrapper.framework; name = CoreGraphics.framework; path = System/Library/Frameworks/CoreGraphics.framework; sourceTree = SDKROOT; };
		C1FCE5A7164C1528002E0401 /* ProjectShakeUp-Info.plist */ = {isa = PBXFileReference; lastKnownFileType = text.plist.xml; path = "ProjectShakeUp-Info.plist"; sourceTree = "<group>"; };
		C1FCE5A9164C1528002E0401 /* en */ = {isa = PBXFileReference; lastKnownFileType = text.plist.strings; name = en; path = en.lproj/InfoPlist.strings; sourceTree = "<group>"; };
		C1FCE5AB164C1528002E0401 /* main.m */ = {isa = PBXFileReference; lastKnownFileType = sourcecode.c.objc; path = main.m; sourceTree = "<group>"; };
		C1FCE5AD164C1528002E0401 /* ProjectShakeUp-Prefix.pch */ = {isa = PBXFileReference; lastKnownFileType = sourcecode.c.h; path = "ProjectShakeUp-Prefix.pch"; sourceTree = "<group>"; };
		C1FCE5AE164C1528002E0401 /* PSAppDelegate.h */ = {isa = PBXFileReference; lastKnownFileType = sourcecode.c.h; path = PSAppDelegate.h; sourceTree = "<group>"; };
		C1FCE5AF164C1528002E0401 /* PSAppDelegate.m */ = {isa = PBXFileReference; lastKnownFileType = sourcecode.c.objc; path = PSAppDelegate.m; sourceTree = "<group>"; };
		C1FCE5C7164C15F6002E0401 /* NSDate+Format.h */ = {isa = PBXFileReference; fileEncoding = 4; lastKnownFileType = sourcecode.c.h; path = "NSDate+Format.h"; sourceTree = "<group>"; };
		C1FCE5C8164C15F6002E0401 /* NSDate+Format.m */ = {isa = PBXFileReference; fileEncoding = 4; lastKnownFileType = sourcecode.c.objc; path = "NSDate+Format.m"; sourceTree = "<group>"; };
		C1FCE5C9164C15F6002E0401 /* NSString+Format.h */ = {isa = PBXFileReference; fileEncoding = 4; lastKnownFileType = sourcecode.c.h; path = "NSString+Format.h"; sourceTree = "<group>"; };
		C1FCE5CA164C15F6002E0401 /* NSString+Format.m */ = {isa = PBXFileReference; fileEncoding = 4; lastKnownFileType = sourcecode.c.objc; path = "NSString+Format.m"; sourceTree = "<group>"; };
		C1FCE5CD164C15F6002E0401 /* Reachability.h */ = {isa = PBXFileReference; fileEncoding = 4; lastKnownFileType = sourcecode.c.h; path = Reachability.h; sourceTree = "<group>"; };
		C1FCE5CE164C15F6002E0401 /* Reachability.m */ = {isa = PBXFileReference; fileEncoding = 4; lastKnownFileType = sourcecode.c.objc; path = Reachability.m; sourceTree = "<group>"; };
		C1FCE5CF164C15F6002E0401 /* TSHTTPRequest.h */ = {isa = PBXFileReference; fileEncoding = 4; lastKnownFileType = sourcecode.c.h; path = TSHTTPRequest.h; sourceTree = "<group>"; };
		C1FCE5D0164C15F6002E0401 /* TSHTTPRequest.m */ = {isa = PBXFileReference; fileEncoding = 4; lastKnownFileType = sourcecode.c.objc; path = TSHTTPRequest.m; sourceTree = "<group>"; };
		C1FCE5D1164C15F6002E0401 /* TSParser.h */ = {isa = PBXFileReference; fileEncoding = 4; lastKnownFileType = sourcecode.c.h; path = TSParser.h; sourceTree = "<group>"; };
		C1FCE5D2164C15F6002E0401 /* TSParser.m */ = {isa = PBXFileReference; fileEncoding = 4; lastKnownFileType = sourcecode.c.objc; path = TSParser.m; sourceTree = "<group>"; };
		C1FCE5D3164C15F6002E0401 /* TSReachability.h */ = {isa = PBXFileReference; fileEncoding = 4; lastKnownFileType = sourcecode.c.h; path = TSReachability.h; sourceTree = "<group>"; };
		C1FCE5D4164C15F6002E0401 /* TSReachability.m */ = {isa = PBXFileReference; fileEncoding = 4; lastKnownFileType = sourcecode.c.objc; path = TSReachability.m; sourceTree = "<group>"; };
		C1FCE5D5164C15F6002E0401 /* TSServiceKeys.h */ = {isa = PBXFileReference; fileEncoding = 4; lastKnownFileType = sourcecode.c.h; path = TSServiceKeys.h; sourceTree = "<group>"; };
		C1FCE5D6164C15F6002E0401 /* TSServiceKeys.m */ = {isa = PBXFileReference; fileEncoding = 4; lastKnownFileType = sourcecode.c.objc; path = TSServiceKeys.m; sourceTree = "<group>"; };
		C1FCE5D8164C15F6002E0401 /* TSPlistHelper.h */ = {isa = PBXFileReference; fileEncoding = 4; lastKnownFileType = sourcecode.c.h; path = TSPlistHelper.h; sourceTree = "<group>"; };
		C1FCE5D9164C15F6002E0401 /* TSPlistHelper.m */ = {isa = PBXFileReference; fileEncoding = 4; lastKnownFileType = sourcecode.c.objc; path = TSPlistHelper.m; sourceTree = "<group>"; };
		C1FCE5DC164C15F6002E0401 /* TSArticle.h */ = {isa = PBXFileReference; fileEncoding = 4; lastKnownFileType = sourcecode.c.h; path = TSArticle.h; sourceTree = "<group>"; };
		C1FCE5DD164C15F6002E0401 /* TSArticle.m */ = {isa = PBXFileReference; fileEncoding = 4; lastKnownFileType = sourcecode.c.objc; path = TSArticle.m; sourceTree = "<group>"; };
		C1FCE5DF164C15F6002E0401 /* TSFeed.h */ = {isa = PBXFileReference; fileEncoding = 4; lastKnownFileType = sourcecode.c.h; path = TSFeed.h; sourceTree = "<group>"; };
		C1FCE5E0164C15F6002E0401 /* TSFeed.m */ = {isa = PBXFileReference; fileEncoding = 4; lastKnownFileType = sourcecode.c.objc; path = TSFeed.m; sourceTree = "<group>"; };
		C1FCE5E1164C15F6002E0401 /* TSFeedParser.h */ = {isa = PBXFileReference; fileEncoding = 4; lastKnownFileType = sourcecode.c.h; path = TSFeedParser.h; sourceTree = "<group>"; };
		C1FCE5E2164C15F6002E0401 /* TSFeedParser.m */ = {isa = PBXFileReference; fileEncoding = 4; lastKnownFileType = sourcecode.c.objc; path = TSFeedParser.m; sourceTree = "<group>"; };
		C1FCE5E3164C15F6002E0401 /* TSDataException.h */ = {isa = PBXFileReference; fileEncoding = 4; lastKnownFileType = sourcecode.c.h; path = TSDataException.h; sourceTree = "<group>"; };
		C1FCE5E4164C15F6002E0401 /* TSDataException.m */ = {isa = PBXFileReference; fileEncoding = 4; lastKnownFileType = sourcecode.c.objc; path = TSDataException.m; sourceTree = "<group>"; };
		C1FCE5E5164C15F6002E0401 /* TSManagedObject.h */ = {isa = PBXFileReference; fileEncoding = 4; lastKnownFileType = sourcecode.c.h; path = TSManagedObject.h; sourceTree = "<group>"; };
		C1FCE5E6164C15F6002E0401 /* TSManagedObject.m */ = {isa = PBXFileReference; fileEncoding = 4; lastKnownFileType = sourcecode.c.objc; path = TSManagedObject.m; sourceTree = "<group>"; };
		C1FCE5E8164C15F6002E0401 /* Default-568h@2x.png */ = {isa = PBXFileReference; lastKnownFileType = image.png; path = "Default-568h@2x.png"; sourceTree = "<group>"; };
		C1FCE5E9164C15F6002E0401 /* Default.png */ = {isa = PBXFileReference; lastKnownFileType = image.png; path = Default.png; sourceTree = "<group>"; };
		C1FCE5EA164C15F6002E0401 /* Default@2x.png */ = {isa = PBXFileReference; lastKnownFileType = image.png; path = "Default@2x.png"; sourceTree = "<group>"; };
		C1FCE5EC164C15F6002E0401 /* TSLayerVisuals.h */ = {isa = PBXFileReference; fileEncoding = 4; lastKnownFileType = sourcecode.c.h; path = TSLayerVisuals.h; sourceTree = "<group>"; };
		C1FCE5ED164C15F6002E0401 /* TSLayerVisuals.m */ = {isa = PBXFileReference; fileEncoding = 4; lastKnownFileType = sourcecode.c.objc; path = TSLayerVisuals.m; sourceTree = "<group>"; };
		C1FCE5EE164C15F6002E0401 /* TSPageControlComponent.h */ = {isa = PBXFileReference; fileEncoding = 4; lastKnownFileType = sourcecode.c.h; path = TSPageControlComponent.h; sourceTree = "<group>"; };
		C1FCE5EF164C15F6002E0401 /* TSPageControlComponent.m */ = {isa = PBXFileReference; fileEncoding = 4; lastKnownFileType = sourcecode.c.objc; path = TSPageControlComponent.m; sourceTree = "<group>"; };
		C1FCE603164C1629002E0401 /* SystemConfiguration.framework */ = {isa = PBXFileReference; lastKnownFileType = wrapper.framework; name = SystemConfiguration.framework; path = System/Library/Frameworks/SystemConfiguration.framework; sourceTree = SDKROOT; };
		C1FCE605164C1631002E0401 /* QuartzCore.framework */ = {isa = PBXFileReference; lastKnownFileType = wrapper.framework; name = QuartzCore.framework; path = System/Library/Frameworks/QuartzCore.framework; sourceTree = SDKROOT; };
		C1FCE607164C163D002E0401 /* MobileCoreServices.framework */ = {isa = PBXFileReference; lastKnownFileType = wrapper.framework; name = MobileCoreServices.framework; path = System/Library/Frameworks/MobileCoreServices.framework; sourceTree = SDKROOT; };
		C1FCE60A164C1772002E0401 /* AFHTTPClient.h */ = {isa = PBXFileReference; fileEncoding = 4; lastKnownFileType = sourcecode.c.h; path = AFHTTPClient.h; sourceTree = "<group>"; };
		C1FCE60B164C1772002E0401 /* AFHTTPClient.m */ = {isa = PBXFileReference; fileEncoding = 4; lastKnownFileType = sourcecode.c.objc; path = AFHTTPClient.m; sourceTree = "<group>"; };
		C1FCE60C164C1772002E0401 /* AFHTTPRequestOperation.h */ = {isa = PBXFileReference; fileEncoding = 4; lastKnownFileType = sourcecode.c.h; path = AFHTTPRequestOperation.h; sourceTree = "<group>"; };
		C1FCE60D164C1772002E0401 /* AFHTTPRequestOperation.m */ = {isa = PBXFileReference; fileEncoding = 4; lastKnownFileType = sourcecode.c.objc; path = AFHTTPRequestOperation.m; sourceTree = "<group>"; };
		C1FCE60E164C1772002E0401 /* AFImageRequestOperation.h */ = {isa = PBXFileReference; fileEncoding = 4; lastKnownFileType = sourcecode.c.h; path = AFImageRequestOperation.h; sourceTree = "<group>"; };
		C1FCE60F164C1772002E0401 /* AFImageRequestOperation.m */ = {isa = PBXFileReference; fileEncoding = 4; lastKnownFileType = sourcecode.c.objc; path = AFImageRequestOperation.m; sourceTree = "<group>"; };
		C1FCE610164C1772002E0401 /* AFJSONRequestOperation.h */ = {isa = PBXFileReference; fileEncoding = 4; lastKnownFileType = sourcecode.c.h; path = AFJSONRequestOperation.h; sourceTree = "<group>"; };
		C1FCE611164C1772002E0401 /* AFJSONRequestOperation.m */ = {isa = PBXFileReference; fileEncoding = 4; lastKnownFileType = sourcecode.c.objc; path = AFJSONRequestOperation.m; sourceTree = "<group>"; };
		C1FCE612164C1772002E0401 /* AFNetworkActivityIndicatorManager.h */ = {isa = PBXFileReference; fileEncoding = 4; lastKnownFileType = sourcecode.c.h; path = AFNetworkActivityIndicatorManager.h; sourceTree = "<group>"; };
		C1FCE613164C1772002E0401 /* AFNetworkActivityIndicatorManager.m */ = {isa = PBXFileReference; fileEncoding = 4; lastKnownFileType = sourcecode.c.objc; path = AFNetworkActivityIndicatorManager.m; sourceTree = "<group>"; };
		C1FCE614164C1772002E0401 /* AFNetworking.h */ = {isa = PBXFileReference; fileEncoding = 4; lastKnownFileType = sourcecode.c.h; path = AFNetworking.h; sourceTree = "<group>"; };
		C1FCE615164C1772002E0401 /* AFPropertyListRequestOperation.h */ = {isa = PBXFileReference; fileEncoding = 4; lastKnownFileType = sourcecode.c.h; path = AFPropertyListRequestOperation.h; sourceTree = "<group>"; };
		C1FCE616164C1772002E0401 /* AFPropertyListRequestOperation.m */ = {isa = PBXFileReference; fileEncoding = 4; lastKnownFileType = sourcecode.c.objc; path = AFPropertyListRequestOperation.m; sourceTree = "<group>"; };
		C1FCE617164C1772002E0401 /* AFURLConnectionOperation.h */ = {isa = PBXFileReference; fileEncoding = 4; lastKnownFileType = sourcecode.c.h; path = AFURLConnectionOperation.h; sourceTree = "<group>"; };
		C1FCE618164C1772002E0401 /* AFURLConnectionOperation.m */ = {isa = PBXFileReference; fileEncoding = 4; lastKnownFileType = sourcecode.c.objc; path = AFURLConnectionOperation.m; sourceTree = "<group>"; };
		C1FCE619164C1772002E0401 /* AFXMLRequestOperation.h */ = {isa = PBXFileReference; fileEncoding = 4; lastKnownFileType = sourcecode.c.h; path = AFXMLRequestOperation.h; sourceTree = "<group>"; };
		C1FCE61A164C1772002E0401 /* AFXMLRequestOperation.m */ = {isa = PBXFileReference; fileEncoding = 4; lastKnownFileType = sourcecode.c.objc; path = AFXMLRequestOperation.m; sourceTree = "<group>"; };
		C1FCE61B164C1772002E0401 /* UIImageView+AFNetworking.h */ = {isa = PBXFileReference; fileEncoding = 4; lastKnownFileType = sourcecode.c.h; path = "UIImageView+AFNetworking.h"; sourceTree = "<group>"; };
		C1FCE61C164C1772002E0401 /* UIImageView+AFNetworking.m */ = {isa = PBXFileReference; fileEncoding = 4; lastKnownFileType = sourcecode.c.objc; path = "UIImageView+AFNetworking.m"; sourceTree = "<group>"; };
		C1FCE626164C1799002E0401 /* Logging.h */ = {isa = PBXFileReference; fileEncoding = 4; lastKnownFileType = sourcecode.c.h; path = Logging.h; sourceTree = "<group>"; };
		C1FCE62A164C21B1002E0401 /* PSCell.h */ = {isa = PBXFileReference; fileEncoding = 4; lastKnownFileType = sourcecode.c.h; path = PSCell.h; sourceTree = "<group>"; };
		C1FCE62B164C21B1002E0401 /* PSCell.m */ = {isa = PBXFileReference; fileEncoding = 4; lastKnownFileType = sourcecode.c.objc; path = PSCell.m; sourceTree = "<group>"; };
		C1FCE62D164C21C6002E0401 /* PSCell.xib */ = {isa = PBXFileReference; fileEncoding = 4; lastKnownFileType = file.xib; path = PSCell.xib; sourceTree = "<group>"; };
		C1FCE62F164D0950002E0401 /* placeholder.jpg */ = {isa = PBXFileReference; lastKnownFileType = image.jpeg; path = placeholder.jpg; sourceTree = "<group>"; };
/* End PBXFileReference section */

/* Begin PBXFrameworksBuildPhase section */
		C1FCE598164C1528002E0401 /* Frameworks */ = {
			isa = PBXFrameworksBuildPhase;
			buildActionMask = 2147483647;
			files = (
				C1FCE608164C163D002E0401 /* MobileCoreServices.framework in Frameworks */,
				C1FCE606164C1631002E0401 /* QuartzCore.framework in Frameworks */,
				C1FCE604164C1629002E0401 /* SystemConfiguration.framework in Frameworks */,
				C1FCE5A4164C1528002E0401 /* CoreGraphics.framework in Frameworks */,
				C1FCE5A0164C1528002E0401 /* UIKit.framework in Frameworks */,
				C1FCE5A2164C1528002E0401 /* Foundation.framework in Frameworks */,
			);
			runOnlyForDeploymentPostprocessing = 0;
		};
/* End PBXFrameworksBuildPhase section */

/* Begin PBXGroup section */
		C1742A751651386B00407C0A /* ViewControllers */ = {
			isa = PBXGroup;
			children = (
				C1742A761651386B00407C0A /* PSDetailedViewController.h */,
				C1742A771651386B00407C0A /* PSDetailedViewController.m */,
				C1742A781651386B00407C0A /* PSDetailedViewController.xib */,
				C1742A791651386B00407C0A /* PSViewController.h */,
				C1742A7A1651386B00407C0A /* PSViewController.m */,
				C1742A7B1651386B00407C0A /* PSViewController.xib */,
			);
			path = ViewControllers;
			sourceTree = "<group>";
		};
		C1FCE590164C1528002E0401 = {
			isa = PBXGroup;
			children = (
				C1FCE5A5164C1528002E0401 /* ProjectShakeUp */,
				C1FCE59E164C1528002E0401 /* Frameworks */,
				C1FCE59C164C1528002E0401 /* Products */,
			);
			sourceTree = "<group>";
		};
		C1FCE59C164C1528002E0401 /* Products */ = {
			isa = PBXGroup;
			children = (
				C1FCE59B164C1528002E0401 /* ProjectShakeUp.app */,
			);
			name = Products;
			sourceTree = "<group>";
		};
		C1FCE59E164C1528002E0401 /* Frameworks */ = {
			isa = PBXGroup;
			children = (
				C1FCE607164C163D002E0401 /* MobileCoreServices.framework */,
				C1FCE605164C1631002E0401 /* QuartzCore.framework */,
				C1FCE603164C1629002E0401 /* SystemConfiguration.framework */,
				C1FCE59F164C1528002E0401 /* UIKit.framework */,
				C1FCE5A1164C1528002E0401 /* Foundation.framework */,
				C1FCE5A3164C1528002E0401 /* CoreGraphics.framework */,
			);
			name = Frameworks;
			sourceTree = "<group>";
		};
		C1FCE5A5164C1528002E0401 /* ProjectShakeUp */ = {
			isa = PBXGroup;
			children = (
				C1FCE5C6164C15F6002E0401 /* Categories */,
				C1FCE5CB164C15F6002E0401 /* DataLayer */,
				C1FCE5D7164C15F6002E0401 /* HelperClasses */,
				C1FCE5DA164C15F6002E0401 /* ManagedObjectModel */,
				C1FCE5AE164C1528002E0401 /* PSAppDelegate.h */,
				C1FCE5AF164C1528002E0401 /* PSAppDelegate.m */,
				C1FCE5E7164C15F6002E0401 /* Resources */,
				C1FCE5A6164C1528002E0401 /* Supporting Files */,
				C1FCE5EB164C15F6002E0401 /* UIComponents */,
				C1742A751651386B00407C0A /* ViewControllers */,
			);
			path = ProjectShakeUp;
			sourceTree = "<group>";
		};
		C1FCE5A6164C1528002E0401 /* Supporting Files */ = {
			isa = PBXGroup;
			children = (
				C1FCE626164C1799002E0401 /* Logging.h */,
				C1FCE5A7164C1528002E0401 /* ProjectShakeUp-Info.plist */,
				C1FCE5A8164C1528002E0401 /* InfoPlist.strings */,
				C1FCE5AB164C1528002E0401 /* main.m */,
				C1FCE5AD164C1528002E0401 /* ProjectShakeUp-Prefix.pch */,
			);
			name = "Supporting Files";
			sourceTree = "<group>";
		};
		C1FCE5C6164C15F6002E0401 /* Categories */ = {
			isa = PBXGroup;
			children = (
				C1FCE5C7164C15F6002E0401 /* NSDate+Format.h */,
				C1FCE5C8164C15F6002E0401 /* NSDate+Format.m */,
				C1FCE5C9164C15F6002E0401 /* NSString+Format.h */,
				C1FCE5CA164C15F6002E0401 /* NSString+Format.m */,
			);
			path = Categories;
			sourceTree = "<group>";
		};
		C1FCE5CB164C15F6002E0401 /* DataLayer */ = {
			isa = PBXGroup;
			children = (
				C1FCE609164C1772002E0401 /* AFNetworking */,
				C1FCE5CC164C15F6002E0401 /* Reachability */,
				C1FCE5CF164C15F6002E0401 /* TSHTTPRequest.h */,
				C1FCE5D0164C15F6002E0401 /* TSHTTPRequest.m */,
				C1FCE5D1164C15F6002E0401 /* TSParser.h */,
				C1FCE5D2164C15F6002E0401 /* TSParser.m */,
				C1FCE5D3164C15F6002E0401 /* TSReachability.h */,
				C1FCE5D4164C15F6002E0401 /* TSReachability.m */,
				C1FCE5D5164C15F6002E0401 /* TSServiceKeys.h */,
				C1FCE5D6164C15F6002E0401 /* TSServiceKeys.m */,
			);
			path = DataLayer;
			sourceTree = "<group>";
		};
		C1FCE5CC164C15F6002E0401 /* Reachability */ = {
			isa = PBXGroup;
			children = (
				C1FCE5CD164C15F6002E0401 /* Reachability.h */,
				C1FCE5CE164C15F6002E0401 /* Reachability.m */,
			);
			path = Reachability;
			sourceTree = "<group>";
		};
		C1FCE5D7164C15F6002E0401 /* HelperClasses */ = {
			isa = PBXGroup;
			children = (
				C1FCE5D8164C15F6002E0401 /* TSPlistHelper.h */,
				C1FCE5D9164C15F6002E0401 /* TSPlistHelper.m */,
			);
			path = HelperClasses;
			sourceTree = "<group>";
		};
		C1FCE5DA164C15F6002E0401 /* ManagedObjectModel */ = {
			isa = PBXGroup;
			children = (
				C1FCE5DB164C15F6002E0401 /* Article */,
				C1FCE5DE164C15F6002E0401 /* Feed */,
				C1FCE5E3164C15F6002E0401 /* TSDataException.h */,
				C1FCE5E4164C15F6002E0401 /* TSDataException.m */,
				C1FCE5E5164C15F6002E0401 /* TSManagedObject.h */,
				C1FCE5E6164C15F6002E0401 /* TSManagedObject.m */,
			);
			path = ManagedObjectModel;
			sourceTree = "<group>";
		};
		C1FCE5DB164C15F6002E0401 /* Article */ = {
			isa = PBXGroup;
			children = (
				C1FCE5DC164C15F6002E0401 /* TSArticle.h */,
				C1FCE5DD164C15F6002E0401 /* TSArticle.m */,
			);
			path = Article;
			sourceTree = "<group>";
		};
		C1FCE5DE164C15F6002E0401 /* Feed */ = {
			isa = PBXGroup;
			children = (
				C1FCE5DF164C15F6002E0401 /* TSFeed.h */,
				C1FCE5E0164C15F6002E0401 /* TSFeed.m */,
				C1FCE5E1164C15F6002E0401 /* TSFeedParser.h */,
				C1FCE5E2164C15F6002E0401 /* TSFeedParser.m */,
			);
			path = Feed;
			sourceTree = "<group>";
		};
		C1FCE5E7164C15F6002E0401 /* Resources */ = {
			isa = PBXGroup;
			children = (
				C1FCE62F164D0950002E0401 /* placeholder.jpg */,
				C1FCE5E8164C15F6002E0401 /* Default-568h@2x.png */,
				C1FCE5E9164C15F6002E0401 /* Default.png */,
				C1FCE5EA164C15F6002E0401 /* Default@2x.png */,
			);
			path = Resources;
			sourceTree = "<group>";
		};
		C1FCE5EB164C15F6002E0401 /* UIComponents */ = {
			isa = PBXGroup;
			children = (
				C1742A8016513AB500407C0A /* Article.bundle */,
				C1FCE5EC164C15F6002E0401 /* TSLayerVisuals.h */,
				C1FCE5ED164C15F6002E0401 /* TSLayerVisuals.m */,
				C1FCE5EE164C15F6002E0401 /* TSPageControlComponent.h */,
				C1FCE5EF164C15F6002E0401 /* TSPageControlComponent.m */,
				C1FCE62A164C21B1002E0401 /* PSCell.h */,
				C1FCE62B164C21B1002E0401 /* PSCell.m */,
				C1FCE62D164C21C6002E0401 /* PSCell.xib */,
			);
			path = UIComponents;
			sourceTree = "<group>";
		};
		C1FCE609164C1772002E0401 /* AFNetworking */ = {
			isa = PBXGroup;
			children = (
				C1FCE60A164C1772002E0401 /* AFHTTPClient.h */,
				C1FCE60B164C1772002E0401 /* AFHTTPClient.m */,
				C1FCE60C164C1772002E0401 /* AFHTTPRequestOperation.h */,
				C1FCE60D164C1772002E0401 /* AFHTTPRequestOperation.m */,
				C1FCE60E164C1772002E0401 /* AFImageRequestOperation.h */,
				C1FCE60F164C1772002E0401 /* AFImageRequestOperation.m */,
				C1FCE610164C1772002E0401 /* AFJSONRequestOperation.h */,
				C1FCE611164C1772002E0401 /* AFJSONRequestOperation.m */,
				C1FCE612164C1772002E0401 /* AFNetworkActivityIndicatorManager.h */,
				C1FCE613164C1772002E0401 /* AFNetworkActivityIndicatorManager.m */,
				C1FCE614164C1772002E0401 /* AFNetworking.h */,
				C1FCE615164C1772002E0401 /* AFPropertyListRequestOperation.h */,
				C1FCE616164C1772002E0401 /* AFPropertyListRequestOperation.m */,
				C1FCE617164C1772002E0401 /* AFURLConnectionOperation.h */,
				C1FCE618164C1772002E0401 /* AFURLConnectionOperation.m */,
				C1FCE619164C1772002E0401 /* AFXMLRequestOperation.h */,
				C1FCE61A164C1772002E0401 /* AFXMLRequestOperation.m */,
				C1FCE61B164C1772002E0401 /* UIImageView+AFNetworking.h */,
				C1FCE61C164C1772002E0401 /* UIImageView+AFNetworking.m */,
			);
			name = AFNetworking;
			path = AFNetworking/AFNetworking;
			sourceTree = "<group>";
		};
/* End PBXGroup section */

/* Begin PBXNativeTarget section */
		C1FCE59A164C1528002E0401 /* ProjectShakeUp */ = {
			isa = PBXNativeTarget;
			buildConfigurationList = C1FCE5BF164C1528002E0401 /* Build configuration list for PBXNativeTarget "ProjectShakeUp" */;
			buildPhases = (
				C1FCE597164C1528002E0401 /* Sources */,
				C1FCE598164C1528002E0401 /* Frameworks */,
				C1FCE599164C1528002E0401 /* Resources */,
			);
			buildRules = (
			);
			dependencies = (
			);
			name = ProjectShakeUp;
			productName = ProjectShakeUp;
			productReference = C1FCE59B164C1528002E0401 /* ProjectShakeUp.app */;
			productType = "com.apple.product-type.application";
		};
/* End PBXNativeTarget section */

/* Begin PBXProject section */
		C1FCE592164C1528002E0401 /* Project object */ = {
			isa = PBXProject;
			attributes = {
				CLASSPREFIX = PS;
				LastUpgradeCheck = 0450;
				ORGANIZATIONNAME = "News International";
			};
			buildConfigurationList = C1FCE595164C1528002E0401 /* Build configuration list for PBXProject "ProjectShakeUp" */;
			compatibilityVersion = "Xcode 3.2";
			developmentRegion = English;
			hasScannedForEncodings = 0;
			knownRegions = (
				en,
			);
			mainGroup = C1FCE590164C1528002E0401;
			productRefGroup = C1FCE59C164C1528002E0401 /* Products */;
			projectDirPath = "";
			projectRoot = "";
			targets = (
				C1FCE59A164C1528002E0401 /* ProjectShakeUp */,
			);
		};
/* End PBXProject section */

/* Begin PBXResourcesBuildPhase section */
		C1FCE599164C1528002E0401 /* Resources */ = {
			isa = PBXResourcesBuildPhase;
			buildActionMask = 2147483647;
			files = (
				C1FCE5AA164C1528002E0401 /* InfoPlist.strings in Resources */,
				C1FCE5FD164C15F6002E0401 /* Default-568h@2x.png in Resources */,
				C1FCE5FE164C15F6002E0401 /* Default.png in Resources */,
				C1FCE5FF164C15F6002E0401 /* Default@2x.png in Resources */,
				C1FCE62E164C21C6002E0401 /* PSCell.xib in Resources */,
				C1FCE630164D0950002E0401 /* placeholder.jpg in Resources */,
				C1742A7D1651386B00407C0A /* PSDetailedViewController.xib in Resources */,
				C1742A7F1651386B00407C0A /* PSViewController.xib in Resources */,
				C1742A8116513AB500407C0A /* Article.bundle in Resources */,
			);
			runOnlyForDeploymentPostprocessing = 0;
		};
/* End PBXResourcesBuildPhase section */

/* Begin PBXSourcesBuildPhase section */
		C1FCE597164C1528002E0401 /* Sources */ = {
			isa = PBXSourcesBuildPhase;
			buildActionMask = 2147483647;
			files = (
				C1FCE5AC164C1528002E0401 /* main.m in Sources */,
				C1FCE5B0164C1528002E0401 /* PSAppDelegate.m in Sources */,
				C1FCE5F0164C15F6002E0401 /* NSDate+Format.m in Sources */,
				C1FCE5F1164C15F6002E0401 /* NSString+Format.m in Sources */,
				C1FCE5F2164C15F6002E0401 /* Reachability.m in Sources */,
				C1FCE5F3164C15F6002E0401 /* TSHTTPRequest.m in Sources */,
				C1FCE5F4164C15F6002E0401 /* TSParser.m in Sources */,
				C1FCE5F5164C15F6002E0401 /* TSReachability.m in Sources */,
				C1FCE5F6164C15F6002E0401 /* TSServiceKeys.m in Sources */,
				C1FCE5F7164C15F6002E0401 /* TSPlistHelper.m in Sources */,
				C1FCE5F8164C15F6002E0401 /* TSArticle.m in Sources */,
				C1FCE5F9164C15F6002E0401 /* TSFeed.m in Sources */,
				C1FCE5FA164C15F6002E0401 /* TSFeedParser.m in Sources */,
				C1FCE5FB164C15F6002E0401 /* TSDataException.m in Sources */,
				C1FCE5FC164C15F6002E0401 /* TSManagedObject.m in Sources */,
				C1FCE600164C15F6002E0401 /* TSLayerVisuals.m in Sources */,
				C1FCE601164C15F6002E0401 /* TSPageControlComponent.m in Sources */,
				C1FCE61D164C1772002E0401 /* AFHTTPClient.m in Sources */,
				C1FCE61E164C1772002E0401 /* AFHTTPRequestOperation.m in Sources */,
				C1FCE61F164C1772002E0401 /* AFImageRequestOperation.m in Sources */,
				C1FCE620164C1772002E0401 /* AFJSONRequestOperation.m in Sources */,
				C1FCE621164C1772002E0401 /* AFNetworkActivityIndicatorManager.m in Sources */,
				C1FCE622164C1772002E0401 /* AFPropertyListRequestOperation.m in Sources */,
				C1FCE623164C1772002E0401 /* AFURLConnectionOperation.m in Sources */,
				C1FCE624164C1772002E0401 /* AFXMLRequestOperation.m in Sources */,
				C1FCE625164C1772002E0401 /* UIImageView+AFNetworking.m in Sources */,
				C1FCE62C164C21B1002E0401 /* PSCell.m in Sources */,
				C1742A7C1651386B00407C0A /* PSDetailedViewController.m in Sources */,
				C1742A7E1651386B00407C0A /* PSViewController.m in Sources */,
			);
			runOnlyForDeploymentPostprocessing = 0;
		};
/* End PBXSourcesBuildPhase section */

/* Begin PBXVariantGroup section */
		C1FCE5A8164C1528002E0401 /* InfoPlist.strings */ = {
			isa = PBXVariantGroup;
			children = (
				C1FCE5A9164C1528002E0401 /* en */,
			);
			name = InfoPlist.strings;
			sourceTree = "<group>";
		};
/* End PBXVariantGroup section */

/* Begin XCBuildConfiguration section */
		C1FCE5BD164C1528002E0401 /* Debug */ = {
			isa = XCBuildConfiguration;
			buildSettings = {
				ALWAYS_SEARCH_USER_PATHS = NO;
				CLANG_CXX_LANGUAGE_STANDARD = "gnu++0x";
				CLANG_CXX_LIBRARY = "libc++";
				CLANG_ENABLE_OBJC_ARC = YES;
				CLANG_WARN_EMPTY_BODY = YES;
				CLANG_WARN__DUPLICATE_METHOD_MATCH = YES;
				"CODE_SIGN_IDENTITY[sdk=iphoneos*]" = "iPhone Developer";
				COPY_PHASE_STRIP = NO;
				GCC_C_LANGUAGE_STANDARD = gnu99;
				GCC_DYNAMIC_NO_PIC = NO;
				GCC_OPTIMIZATION_LEVEL = 0;
				GCC_PREPROCESSOR_DEFINITIONS = (
					"DEBUG=1",
					"$(inherited)",
				);
				GCC_SYMBOLS_PRIVATE_EXTERN = NO;
				GCC_WARN_ABOUT_RETURN_TYPE = YES;
				GCC_WARN_UNINITIALIZED_AUTOS = YES;
				GCC_WARN_UNUSED_VARIABLE = YES;
				IPHONEOS_DEPLOYMENT_TARGET = 5.1;
				ONLY_ACTIVE_ARCH = YES;
				SDKROOT = iphoneos;
			};
			name = Debug;
		};
		C1FCE5BE164C1528002E0401 /* Release */ = {
			isa = XCBuildConfiguration;
			buildSettings = {
				ALWAYS_SEARCH_USER_PATHS = NO;
				CLANG_CXX_LANGUAGE_STANDARD = "gnu++0x";
				CLANG_CXX_LIBRARY = "libc++";
				CLANG_ENABLE_OBJC_ARC = YES;
				CLANG_WARN_EMPTY_BODY = YES;
				CLANG_WARN__DUPLICATE_METHOD_MATCH = YES;
				"CODE_SIGN_IDENTITY[sdk=iphoneos*]" = "iPhone Developer";
				COPY_PHASE_STRIP = YES;
				GCC_C_LANGUAGE_STANDARD = gnu99;
				GCC_WARN_ABOUT_RETURN_TYPE = YES;
				GCC_WARN_UNINITIALIZED_AUTOS = YES;
				GCC_WARN_UNUSED_VARIABLE = YES;
				IPHONEOS_DEPLOYMENT_TARGET = 5.1;
				OTHER_CFLAGS = "-DNS_BLOCK_ASSERTIONS=1";
				SDKROOT = iphoneos;
				VALIDATE_PRODUCT = YES;
			};
			name = Release;
		};
		C1FCE5C0164C1528002E0401 /* Debug */ = {
			isa = XCBuildConfiguration;
			buildSettings = {
				CODE_SIGN_IDENTITY = "iPhone Developer: Martin Lloyd (6DD3HK4YV7)";
				GCC_PRECOMPILE_PREFIX_HEADER = YES;
				GCC_PREFIX_HEADER = "ProjectShakeUp/ProjectShakeUp-Prefix.pch";
				INFOPLIST_FILE = "ProjectShakeUp/ProjectShakeUp-Info.plist";
				PRODUCT_NAME = "$(TARGET_NAME)";
				PROVISIONING_PROFILE = "A752213F-AECD-401E-AB9B-CDE6D58C029E";
				WRAPPER_EXTENSION = app;
			};
			name = Debug;
		};
		C1FCE5C1164C1528002E0401 /* Release */ = {
			isa = XCBuildConfiguration;
			buildSettings = {
				CODE_SIGN_IDENTITY = "iPhone Distribution: Times Newspapers Ltd";
				GCC_PRECOMPILE_PREFIX_HEADER = YES;
				GCC_PREFIX_HEADER = "ProjectShakeUp/ProjectShakeUp-Prefix.pch";
				INFOPLIST_FILE = "ProjectShakeUp/ProjectShakeUp-Info.plist";
				PRODUCT_NAME = "$(TARGET_NAME)";
				PROVISIONING_PROFILE = "A98E3865-77F9-4244-9094-BEF80474B3F4";
				WRAPPER_EXTENSION = app;
			};
			name = Release;
		};
/* End XCBuildConfiguration section */

/* Begin XCConfigurationList section */
		C1FCE595164C1528002E0401 /* Build configuration list for PBXProject "ProjectShakeUp" */ = {
			isa = XCConfigurationList;
			buildConfigurations = (
				C1FCE5BD164C1528002E0401 /* Debug */,
				C1FCE5BE164C1528002E0401 /* Release */,
			);
			defaultConfigurationIsVisible = 0;
			defaultConfigurationName = Release;
		};
		C1FCE5BF164C1528002E0401 /* Build configuration list for PBXNativeTarget "ProjectShakeUp" */ = {
			isa = XCConfigurationList;
			buildConfigurations = (
				C1FCE5C0164C1528002E0401 /* Debug */,
				C1FCE5C1164C1528002E0401 /* Release */,
			);
			defaultConfigurationIsVisible = 0;
			defaultConfigurationName = Release;
		};
/* End XCConfigurationList section */
	};
	rootObject = C1FCE592164C1528002E0401 /* Project object */;
}
